
Microsoft Visual Studio Solution File, Format Version 12.00
# Visual Studio Version 16
VisualStudioVersion = 16.0.30114.105
MinimumVisualStudioVersion = 10.0.40219.1
Project("{FAE04EC0-301F-11D3-BF4B-00C04F79EFBC}") = "R5T.Egaleo.Base", "R5T.Egaleo.Base\R5T.Egaleo.Base.csproj", "{60A5F944-137D-4948-955B-FBE38AA3B692}"
EndProject
Project("{FAE04EC0-301F-11D3-BF4B-00C04F79EFBC}") = "R5T.Egaleo.Base.Construction", "R5T.Egaleo.Base.Construction\R5T.Egaleo.Base.Construction.csproj", "{A4826C97-2D40-43A3-A7BA-6EAC4358532B}"
EndProject
Project("{2150E333-8FDC-42A3-9474-1A3956D46DE8}") = "_Dependencies", "_Dependencies", "{58ECBA0A-23DB-48A4-B9A3-BFB9FB0FFFF7}"
EndProject
Project("{FAE04EC0-301F-11D3-BF4B-00C04F79EFBC}") = "R5T.T0064", "..\..\R5T.T0064\source\R5T.T0064\R5T.T0064.csproj", "{B8589607-9CE9-4FA3-86FD-4CDB7BEBDC08}"
EndProject
Global
	GlobalSection(SolutionConfigurationPlatforms) = preSolution
		Debug|Any CPU = Debug|Any CPU
		Debug|x64 = Debug|x64
		Debug|x86 = Debug|x86
		Release|Any CPU = Release|Any CPU
		Release|x64 = Release|x64
		Release|x86 = Release|x86
	EndGlobalSection
	GlobalSection(SolutionProperties) = preSolution
		HideSolutionNode = FALSE
	EndGlobalSection
	GlobalSection(ProjectConfigurationPlatforms) = postSolution
		{60A5F944-137D-4948-955B-FBE38AA3B692}.Debug|Any CPU.ActiveCfg = Debug|Any CPU
		{60A5F944-137D-4948-955B-FBE38AA3B692}.Debug|Any CPU.Build.0 = Debug|Any CPU
		{60A5F944-137D-4948-955B-FBE38AA3B692}.Debug|x64.ActiveCfg = Debug|Any CPU
		{60A5F944-137D-4948-955B-FBE38AA3B692}.Debug|x64.Build.0 = Debug|Any CPU
		{60A5F944-137D-4948-955B-FBE38AA3B692}.Debug|x86.ActiveCfg = Debug|Any CPU
		{60A5F944-137D-4948-955B-FBE38AA3B692}.Debug|x86.Build.0 = Debug|Any CPU
		{60A5F944-137D-4948-955B-FBE38AA3B692}.Release|Any CPU.ActiveCfg = Release|Any CPU
		{60A5F944-137D-4948-955B-FBE38AA3B692}.Release|Any CPU.Build.0 = Release|Any CPU
		{60A5F944-137D-4948-955B-FBE38AA3B692}.Release|x64.ActiveCfg = Release|Any CPU
		{60A5F944-137D-4948-955B-FBE38AA3B692}.Release|x64.Build.0 = Release|Any CPU
		{60A5F944-137D-4948-955B-FBE38AA3B692}.Release|x86.ActiveCfg = Release|Any CPU
		{60A5F944-137D-4948-955B-FBE38AA3B692}.Release|x86.Build.0 = Release|Any CPU
		{A4826C97-2D40-43A3-A7BA-6EAC4358532B}.Debug|Any CPU.ActiveCfg = Debug|Any CPU
		{A4826C97-2D40-43A3-A7BA-6EAC4358532B}.Debug|Any CPU.Build.0 = Debug|Any CPU
		{A4826C97-2D40-43A3-A7BA-6EAC4358532B}.Debug|x64.ActiveCfg = Debug|Any CPU
		{A4826C97-2D40-43A3-A7BA-6EAC4358532B}.Debug|x64.Build.0 = Debug|Any CPU
		{A4826C97-2D40-43A3-A7BA-6EAC4358532B}.Debug|x86.ActiveCfg = Debug|Any CPU
		{A4826C97-2D40-43A3-A7BA-6EAC4358532B}.Debug|x86.Build.0 = Debug|Any CPU
		{A4826C97-2D40-43A3-A7BA-6EAC4358532B}.Release|Any CPU.ActiveCfg = Release|Any CPU
		{A4826C97-2D40-43A3-A7BA-6EAC4358532B}.Release|Any CPU.Build.0 = Release|Any CPU
		{A4826C97-2D40-43A3-A7BA-6EAC4358532B}.Release|x64.ActiveCfg = Release|Any CPU
		{A4826C97-2D40-43A3-A7BA-6EAC4358532B}.Release|x64.Build.0 = Release|Any CPU
		{A4826C97-2D40-43A3-A7BA-6EAC4358532B}.Release|x86.ActiveCfg = Release|Any CPU
		{A4826C97-2D40-43A3-A7BA-6EAC4358532B}.Release|x86.Build.0 = Release|Any CPU
		{B8589607-9CE9-4FA3-86FD-4CDB7BEBDC08}.Debug|Any CPU.ActiveCfg = Debug|Any CPU
		{B8589607-9CE9-4FA3-86FD-4CDB7BEBDC08}.Debug|Any CPU.Build.0 = Debug|Any CPU
		{B8589607-9CE9-4FA3-86FD-4CDB7BEBDC08}.Debug|x64.ActiveCfg = Debug|Any CPU
		{B8589607-9CE9-4FA3-86FD-4CDB7BEBDC08}.Debug|x64.Build.0 = Debug|Any CPU
		{B8589607-9CE9-4FA3-86FD-4CDB7BEBDC08}.Debug|x86.ActiveCfg = Debug|Any CPU
		{B8589607-9CE9-4FA3-86FD-4CDB7BEBDC08}.Debug|x86.Build.0 = Debug|Any CPU
		{B8589607-9CE9-4FA3-86FD-4CDB7BEBDC08}.Release|Any CPU.ActiveCfg = Release|Any CPU
		{B8589607-9CE9-4FA3-86FD-4CDB7BEBDC08}.Release|Any CPU.Build.0 = Release|Any CPU
		{B8589607-9CE9-4FA3-86FD-4CDB7BEBDC08}.Release|x64.ActiveCfg = Release|Any CPU
		{B8589607-9CE9-4FA3-86FD-4CDB7BEBDC08}.Release|x64.Build.0 = Release|Any CPU
		{B8589607-9CE9-4FA3-86FD-4CDB7BEBDC08}.Release|x86.ActiveCfg = Release|Any CPU
		{B8589607-9CE9-4FA3-86FD-4CDB7BEBDC08}.Release|x86.Build.0 = Release|Any CPU
	EndGlobalSection
	GlobalSection(NestedProjects) = preSolution
		{B8589607-9CE9-4FA3-86FD-4CDB7BEBDC08} = {58ECBA0A-23DB-48A4-B9A3-BFB9FB0FFFF7}
	EndGlobalSection
EndGlobal
